// !$*UTF8*$!
{
	archiveVersion = 1;
	classes = {
	};
	objectVersion = 55;
	objects = {

/* Begin PBXBuildFile section */
		D07B52732706C870009ABD87 /* MDConfig.plist in Resources */ = {isa = PBXBuildFile; fileRef = D07B52722706C870009ABD87 /* MDConfig.plist */; };
		D07B527D2706C871009ABD87 /* libTikTokDylib.dylib in CopyFiles */ = {isa = PBXBuildFile; fileRef = D07B527C2706C871009ABD87 /* libTikTokDylib.dylib */; settings = {ATTRIBUTES = (CodeSignOnCopy, ); }; };
		D07B52842706C871009ABD87 /* Foundation.framework in Frameworks */ = {isa = PBXBuildFile; fileRef = D07B52832706C871009ABD87 /* Foundation.framework */; };
		D07B52862706C871009ABD87 /* UIKit.framework in Frameworks */ = {isa = PBXBuildFile; fileRef = D07B52852706C871009ABD87 /* UIKit.framework */; };
		D07B528B2706C871009ABD87 /* TikTokDylib.mm in Sources */ = {isa = PBXBuildFile; fileRef = D07B528A2706C871009ABD87 /* TikTokDylib.mm */; };
		D07B528E2706C871009ABD87 /* MDConfigManager.h in Headers */ = {isa = PBXBuildFile; fileRef = D07B528D2706C871009ABD87 /* MDConfigManager.h */; };
		D07B52902706C871009ABD87 /* MDConfigManager.m in Sources */ = {isa = PBXBuildFile; fileRef = D07B528F2706C871009ABD87 /* MDConfigManager.m */; };
		D07B52922706C871009ABD87 /* MDCycriptManager.h in Headers */ = {isa = PBXBuildFile; fileRef = D07B52912706C871009ABD87 /* MDCycriptManager.h */; };
		D07B52942706C871009ABD87 /* MDCycriptManager.m in Sources */ = {isa = PBXBuildFile; fileRef = D07B52932706C871009ABD87 /* MDCycriptManager.m */; };
		D07B52962706C871009ABD87 /* MDMethodTrace.h in Headers */ = {isa = PBXBuildFile; fileRef = D07B52952706C871009ABD87 /* MDMethodTrace.h */; };
		D07B52982706C871009ABD87 /* MDMethodTrace.m in Sources */ = {isa = PBXBuildFile; fileRef = D07B52972706C871009ABD87 /* MDMethodTrace.m */; };
		D07B529B2706C871009ABD87 /* a1a2-selectortramps-arm.s in Sources */ = {isa = PBXBuildFile; fileRef = D07B529A2706C871009ABD87 /* a1a2-selectortramps-arm.s */; };
		D07B529D2706C871009ABD87 /* a1a2-selectortramps-arm64.s in Sources */ = {isa = PBXBuildFile; fileRef = D07B529C2706C871009ABD87 /* a1a2-selectortramps-arm64.s */; };
		D07B529F2706C871009ABD87 /* a1a2-selectortramps-i386.s in Sources */ = {isa = PBXBuildFile; fileRef = D07B529E2706C871009ABD87 /* a1a2-selectortramps-i386.s */; };
		D07B52A12706C871009ABD87 /* a1a2-selectortramps-x86_64.s in Sources */ = {isa = PBXBuildFile; fileRef = D07B52A02706C871009ABD87 /* a1a2-selectortramps-x86_64.s */; };
		D07B52A32706C871009ABD87 /* a2a3-selectortramps-arm.s in Sources */ = {isa = PBXBuildFile; fileRef = D07B52A22706C871009ABD87 /* a2a3-selectortramps-arm.s */; };
		D07B52A52706C871009ABD87 /* a2a3-selectortramps-i386.s in Sources */ = {isa = PBXBuildFile; fileRef = D07B52A42706C871009ABD87 /* a2a3-selectortramps-i386.s */; };
		D07B52A72706C871009ABD87 /* a2a3-selectortramps-x86_64.s in Sources */ = {isa = PBXBuildFile; fileRef = D07B52A62706C871009ABD87 /* a2a3-selectortramps-x86_64.s */; };
		D07B52A92706C871009ABD87 /* OCMethodTrace.h in Headers */ = {isa = PBXBuildFile; fileRef = D07B52A82706C871009ABD87 /* OCMethodTrace.h */; };
		D07B52AB2706C871009ABD87 /* OCMethodTrace.m in Sources */ = {isa = PBXBuildFile; fileRef = D07B52AA2706C871009ABD87 /* OCMethodTrace.m */; };
		D07B52AD2706C871009ABD87 /* OCSelectorTrampolines.h in Headers */ = {isa = PBXBuildFile; fileRef = D07B52AC2706C871009ABD87 /* OCSelectorTrampolines.h */; };
		D07B52AF2706C871009ABD87 /* OCSelectorTrampolines.mm in Sources */ = {isa = PBXBuildFile; fileRef = D07B52AE2706C871009ABD87 /* OCSelectorTrampolines.mm */; };
		D07B52B32706C871009ABD87 /* LLDBTools.h in Headers */ = {isa = PBXBuildFile; fileRef = D07B52B22706C871009ABD87 /* LLDBTools.h */; };
		D07B52B52706C871009ABD87 /* LLDBTools.mm in Sources */ = {isa = PBXBuildFile; fileRef = D07B52B42706C871009ABD87 /* LLDBTools.mm */; };
		D07B52BA2706C871009ABD87 /* AntiAntiDebug.m in Sources */ = {isa = PBXBuildFile; fileRef = D07B52B92706C871009ABD87 /* AntiAntiDebug.m */; };
		D07B52BD2706C871009ABD87 /* fishhook.c in Sources */ = {isa = PBXBuildFile; fileRef = D07B52BC2706C871009ABD87 /* fishhook.c */; };
		D07B52BF2706C871009ABD87 /* fishhook.h in Headers */ = {isa = PBXBuildFile; fileRef = D07B52BE2706C871009ABD87 /* fishhook.h */; };
		D07B52C12706C871009ABD87 /* TikTokDylib.h in Headers */ = {isa = PBXBuildFile; fileRef = D07B52C02706C871009ABD87 /* TikTokDylib.h */; };
		D07B52C32706C871009ABD87 /* TikTokDylib.m in Sources */ = {isa = PBXBuildFile; fileRef = D07B52C22706C871009ABD87 /* TikTokDylib.m */; };
		D0A2A9AE270F05F10001352D /* FLEX.framework in Frameworks */ = {isa = PBXBuildFile; fileRef = D0A2A9AB270F05DC0001352D /* FLEX.framework */; platformFilter = ios; };
		D0A2A9AF270F05F10001352D /* FLEX.framework in Embed Frameworks */ = {isa = PBXBuildFile; fileRef = D0A2A9AB270F05DC0001352D /* FLEX.framework */; platformFilter = ios; settings = {ATTRIBUTES = (CodeSignOnCopy, RemoveHeadersOnCopy, ); }; };
		D0A2A9B1270F05FC0001352D /* FLEX.framework in CopyFiles */ = {isa = PBXBuildFile; fileRef = D0A2A9AB270F05DC0001352D /* FLEX.framework */; settings = {ATTRIBUTES = (CodeSignOnCopy, RemoveHeadersOnCopy, ); }; };
		D0A2A9B9270F07F10001352D /* AwemeTTHttpTask.h in Headers */ = {isa = PBXBuildFile; fileRef = D0A2A9B8270F07F10001352D /* AwemeTTHttpTask.h */; };
		D0B6BFA2271286BD00AD795B /* MBProgressHUD.m in Sources */ = {isa = PBXBuildFile; fileRef = D0B6BF9A271286BD00AD795B /* MBProgressHUD.m */; };
		D0B6BFA3271286BD00AD795B /* MBProgressHUD+XYHUD.h in Headers */ = {isa = PBXBuildFile; fileRef = D0B6BF9B271286BD00AD795B /* MBProgressHUD+XYHUD.h */; };
		D0B6BFA4271286BD00AD795B /* UIDebuggingTool.h in Headers */ = {isa = PBXBuildFile; fileRef = D0B6BF9C271286BD00AD795B /* UIDebuggingTool.h */; };
		D0B6BFA5271286BD00AD795B /* XYVideoDownloader.m in Sources */ = {isa = PBXBuildFile; fileRef = D0B6BF9D271286BD00AD795B /* XYVideoDownloader.m */; };
		D0B6BFA6271286BD00AD795B /* MBProgressHUD.h in Headers */ = {isa = PBXBuildFile; fileRef = D0B6BF9E271286BD00AD795B /* MBProgressHUD.h */; };
		D0B6BFA7271286BD00AD795B /* UIDebuggingTool.m in Sources */ = {isa = PBXBuildFile; fileRef = D0B6BF9F271286BD00AD795B /* UIDebuggingTool.m */; };
		D0B6BFA8271286BD00AD795B /* MBProgressHUD+XYHUD.m in Sources */ = {isa = PBXBuildFile; fileRef = D0B6BFA0271286BD00AD795B /* MBProgressHUD+XYHUD.m */; };
		D0B6BFA9271286BD00AD795B /* XYVideoDownloader.h in Headers */ = {isa = PBXBuildFile; fileRef = D0B6BFA1271286BD00AD795B /* XYVideoDownloader.h */; };
		D0B6BFAC271287DB00AD795B /* XYConfigSettingsViewController.h in Headers */ = {isa = PBXBuildFile; fileRef = D0B6BFAA271287DB00AD795B /* XYConfigSettingsViewController.h */; };
		D0B6BFAD271287DB00AD795B /* XYConfigSettingsViewController.m in Sources */ = {isa = PBXBuildFile; fileRef = D0B6BFAB271287DB00AD795B /* XYConfigSettingsViewController.m */; };
		D0B6BFB0271288AE00AD795B /* XYPreferenceManager.swift in Sources */ = {isa = PBXBuildFile; fileRef = D0B6BFAF271288AE00AD795B /* XYPreferenceManager.swift */; };
		D0B6BFB9271290A400AD795B /* iconPersonalSettingArrow_18x18_@2x.png in Resources */ = {isa = PBXBuildFile; fileRef = D0B6BFB3271290A400AD795B /* iconPersonalSettingArrow_18x18_@2x.png */; };
		D0B6BFBA271290A400AD795B /* icon_discovery_favi@2x.png in Resources */ = {isa = PBXBuildFile; fileRef = D0B6BFB4271290A400AD795B /* icon_discovery_favi@2x.png */; };
		D0B6BFBB271290A400AD795B /* icon_discovery_favi@3x.png in Resources */ = {isa = PBXBuildFile; fileRef = D0B6BFB5271290A400AD795B /* icon_discovery_favi@3x.png */; };
		D0B6BFBC271290A400AD795B /* countryCode.plist in Resources */ = {isa = PBXBuildFile; fileRef = D0B6BFB7271290A400AD795B /* countryCode.plist */; };
		D0B6BFC02712A18200AD795B /* Carrier.swift in Sources */ = {isa = PBXBuildFile; fileRef = D0B6BFBF2712A18200AD795B /* Carrier.swift */; };
		D0B6BFC22712AF7C00AD795B /* TikTokSettingsHeaders.h in Sources */ = {isa = PBXBuildFile; fileRef = D0B6BFC12712AF7C00AD795B /* TikTokSettingsHeaders.h */; };
		D0FCBBF427076CA200B3129F /* TikTokHeaders.h in Headers */ = {isa = PBXBuildFile; fileRef = D0FCBBF32707696100B3129F /* TikTokHeaders.h */; };
		D0FCBC622707EE7F00B3129F /* JavaScriptCore.framework in Frameworks */ = {isa = PBXBuildFile; fileRef = D07B52812706C871009ABD87 /* JavaScriptCore.framework */; };
/* End PBXBuildFile section */

/* Begin PBXContainerItemProxy section */
		D07B527E2706C871009ABD87 /* PBXContainerItemProxy */ = {
			isa = PBXContainerItemProxy;
			containerPortal = D07B52602706C870009ABD87 /* Project object */;
			proxyType = 1;
			remoteGlobalIDString = D07B527B2706C871009ABD87;
			remoteInfo = TikTokDylib;
		};
		D0A2A9AA270F05DC0001352D /* PBXContainerItemProxy */ = {
			isa = PBXContainerItemProxy;
			containerPortal = D0A2A9A5270F05DC0001352D /* FLEX.xcodeproj */;
			proxyType = 2;
			remoteGlobalIDString = 3A4C941F1B5B20570088C3F2;
			remoteInfo = FLEX;
		};
		D0A2A9AC270F05DC0001352D /* PBXContainerItemProxy */ = {
			isa = PBXContainerItemProxy;
			containerPortal = D0A2A9A5270F05DC0001352D /* FLEX.xcodeproj */;
			proxyType = 2;
			remoteGlobalIDString = 1C27A8B61F0E5A0300F0D02D;
			remoteInfo = FLEXTests;
		};
/* End PBXContainerItemProxy section */

/* Begin PBXCopyFilesBuildPhase section */
		D07B52682706C870009ABD87 /* CopyFiles */ = {
			isa = PBXCopyFilesBuildPhase;
			buildActionMask = 2147483647;
			dstPath = "";
			dstSubfolderSpec = 10;
			files = (
				D0A2A9B1270F05FC0001352D /* FLEX.framework in CopyFiles */,
				D07B527D2706C871009ABD87 /* libTikTokDylib.dylib in CopyFiles */,
			);
			runOnlyForDeploymentPostprocessing = 0;
		};
		D0A2A9B0270F05F10001352D /* Embed Frameworks */ = {
			isa = PBXCopyFilesBuildPhase;
			buildActionMask = 2147483647;
			dstPath = "";
			dstSubfolderSpec = 10;
			files = (
				D0A2A9AF270F05F10001352D /* FLEX.framework in Embed Frameworks */,
			);
			name = "Embed Frameworks";
			runOnlyForDeploymentPostprocessing = 0;
		};
/* End PBXCopyFilesBuildPhase section */

/* Begin PBXFileReference section */
		D07B526B2706C870009ABD87 /* TikTok.app */ = {isa = PBXFileReference; explicitFileType = wrapper.application; includeInIndex = 0; path = TikTok.app; sourceTree = BUILT_PRODUCTS_DIR; };
		D07B526E2706C870009ABD87 /* icon.png */ = {isa = PBXFileReference; lastKnownFileType = image.png; path = icon.png; sourceTree = "<group>"; };
		D07B52702706C870009ABD87 /* quick-resign.sh */ = {isa = PBXFileReference; lastKnownFileType = text.script.sh; path = "quick-resign.sh"; sourceTree = "<group>"; };
		D07B52722706C870009ABD87 /* MDConfig.plist */ = {isa = PBXFileReference; lastKnownFileType = text.plist.xml; path = MDConfig.plist; sourceTree = "<group>"; };
		D07B52752706C870009ABD87 /* put ipa or app here */ = {isa = PBXFileReference; lastKnownFileType = text; path = "put ipa or app here"; sourceTree = "<group>"; };
		D07B52762706C870009ABD87 /* Info.plist */ = {isa = PBXFileReference; lastKnownFileType = text.plist.xml; path = Info.plist; sourceTree = "<group>"; };
		D07B527C2706C871009ABD87 /* libTikTokDylib.dylib */ = {isa = PBXFileReference; explicitFileType = "compiled.mach-o.dylib"; includeInIndex = 0; path = libTikTokDylib.dylib; sourceTree = BUILT_PRODUCTS_DIR; };
		D07B52812706C871009ABD87 /* JavaScriptCore.framework */ = {isa = PBXFileReference; lastKnownFileType = wrapper.framework; name = JavaScriptCore.framework; path = System/Library/Frameworks/JavaScriptCore.framework; sourceTree = SDKROOT; };
		D07B52832706C871009ABD87 /* Foundation.framework */ = {isa = PBXFileReference; lastKnownFileType = wrapper.framework; name = Foundation.framework; path = System/Library/Frameworks/Foundation.framework; sourceTree = SDKROOT; };
		D07B52852706C871009ABD87 /* UIKit.framework */ = {isa = PBXFileReference; lastKnownFileType = wrapper.framework; name = UIKit.framework; path = System/Library/Frameworks/UIKit.framework; sourceTree = SDKROOT; };
		D07B52892706C871009ABD87 /* TikTokDylib.xm */ = {isa = PBXFileReference; explicitFileType = sourcecode.cpp.objcpp.preprocessed; path = TikTokDylib.xm; sourceTree = "<group>"; };
		D07B528A2706C871009ABD87 /* TikTokDylib.mm */ = {isa = PBXFileReference; lastKnownFileType = sourcecode.cpp.objcpp; path = TikTokDylib.mm; sourceTree = "<group>"; };
		D07B528D2706C871009ABD87 /* MDConfigManager.h */ = {isa = PBXFileReference; lastKnownFileType = sourcecode.c.h; path = MDConfigManager.h; sourceTree = "<group>"; };
		D07B528F2706C871009ABD87 /* MDConfigManager.m */ = {isa = PBXFileReference; lastKnownFileType = sourcecode.c.objc; path = MDConfigManager.m; sourceTree = "<group>"; };
		D07B52912706C871009ABD87 /* MDCycriptManager.h */ = {isa = PBXFileReference; lastKnownFileType = sourcecode.c.h; path = MDCycriptManager.h; sourceTree = "<group>"; };
		D07B52932706C871009ABD87 /* MDCycriptManager.m */ = {isa = PBXFileReference; lastKnownFileType = sourcecode.c.objc; path = MDCycriptManager.m; sourceTree = "<group>"; };
		D07B52952706C871009ABD87 /* MDMethodTrace.h */ = {isa = PBXFileReference; lastKnownFileType = sourcecode.c.h; path = MDMethodTrace.h; sourceTree = "<group>"; };
		D07B52972706C871009ABD87 /* MDMethodTrace.m */ = {isa = PBXFileReference; lastKnownFileType = sourcecode.c.objc; path = MDMethodTrace.m; sourceTree = "<group>"; };
		D07B529A2706C871009ABD87 /* a1a2-selectortramps-arm.s */ = {isa = PBXFileReference; lastKnownFileType = sourcecode.asm; path = "a1a2-selectortramps-arm.s"; sourceTree = "<group>"; };
		D07B529C2706C871009ABD87 /* a1a2-selectortramps-arm64.s */ = {isa = PBXFileReference; lastKnownFileType = sourcecode.asm; path = "a1a2-selectortramps-arm64.s"; sourceTree = "<group>"; };
		D07B529E2706C871009ABD87 /* a1a2-selectortramps-i386.s */ = {isa = PBXFileReference; lastKnownFileType = sourcecode.asm; path = "a1a2-selectortramps-i386.s"; sourceTree = "<group>"; };
		D07B52A02706C871009ABD87 /* a1a2-selectortramps-x86_64.s */ = {isa = PBXFileReference; lastKnownFileType = sourcecode.asm; path = "a1a2-selectortramps-x86_64.s"; sourceTree = "<group>"; };
		D07B52A22706C871009ABD87 /* a2a3-selectortramps-arm.s */ = {isa = PBXFileReference; lastKnownFileType = sourcecode.asm; path = "a2a3-selectortramps-arm.s"; sourceTree = "<group>"; };
		D07B52A42706C871009ABD87 /* a2a3-selectortramps-i386.s */ = {isa = PBXFileReference; lastKnownFileType = sourcecode.asm; path = "a2a3-selectortramps-i386.s"; sourceTree = "<group>"; };
		D07B52A62706C871009ABD87 /* a2a3-selectortramps-x86_64.s */ = {isa = PBXFileReference; lastKnownFileType = sourcecode.asm; path = "a2a3-selectortramps-x86_64.s"; sourceTree = "<group>"; };
		D07B52A82706C871009ABD87 /* OCMethodTrace.h */ = {isa = PBXFileReference; lastKnownFileType = sourcecode.c.h; path = OCMethodTrace.h; sourceTree = "<group>"; };
		D07B52AA2706C871009ABD87 /* OCMethodTrace.m */ = {isa = PBXFileReference; lastKnownFileType = sourcecode.c.objc; path = OCMethodTrace.m; sourceTree = "<group>"; };
		D07B52AC2706C871009ABD87 /* OCSelectorTrampolines.h */ = {isa = PBXFileReference; lastKnownFileType = sourcecode.c.h; path = OCSelectorTrampolines.h; sourceTree = "<group>"; };
		D07B52AE2706C871009ABD87 /* OCSelectorTrampolines.mm */ = {isa = PBXFileReference; lastKnownFileType = sourcecode.cpp.objcpp; path = OCSelectorTrampolines.mm; sourceTree = "<group>"; };
		D07B52B02706C871009ABD87 /* selectortramps.mac */ = {isa = PBXFileReference; lastKnownFileType = text; path = selectortramps.mac; sourceTree = "<group>"; };
		D07B52B22706C871009ABD87 /* LLDBTools.h */ = {isa = PBXFileReference; lastKnownFileType = sourcecode.c.h; path = LLDBTools.h; sourceTree = "<group>"; };
		D07B52B42706C871009ABD87 /* LLDBTools.mm */ = {isa = PBXFileReference; lastKnownFileType = sourcecode.cpp.objcpp; path = LLDBTools.mm; sourceTree = "<group>"; };
		D07B52B72706C871009ABD87 /* TikTokDylib-Prefix.pch */ = {isa = PBXFileReference; lastKnownFileType = sourcecode.c.h; name = "TikTokDylib-Prefix.pch"; path = "../TikTokDylib-Prefix.pch"; sourceTree = "<group>"; };
		D07B52B92706C871009ABD87 /* AntiAntiDebug.m */ = {isa = PBXFileReference; lastKnownFileType = sourcecode.c.objc; path = AntiAntiDebug.m; sourceTree = "<group>"; };
		D07B52BC2706C871009ABD87 /* fishhook.c */ = {isa = PBXFileReference; lastKnownFileType = sourcecode.c.c; path = fishhook.c; sourceTree = "<group>"; };
		D07B52BE2706C871009ABD87 /* fishhook.h */ = {isa = PBXFileReference; lastKnownFileType = sourcecode.c.h; path = fishhook.h; sourceTree = "<group>"; };
		D07B52C02706C871009ABD87 /* TikTokDylib.h */ = {isa = PBXFileReference; lastKnownFileType = sourcecode.c.h; path = TikTokDylib.h; sourceTree = "<group>"; };
		D07B52C22706C871009ABD87 /* TikTokDylib.m */ = {isa = PBXFileReference; lastKnownFileType = sourcecode.c.objc; path = TikTokDylib.m; sourceTree = "<group>"; };
		D0A2A9A5270F05DC0001352D /* FLEX.xcodeproj */ = {isa = PBXFileReference; lastKnownFileType = "wrapper.pb-project"; name = FLEX.xcodeproj; path = FLEX/FLEX.xcodeproj; sourceTree = "<group>"; };
		D0A2A9B8270F07F10001352D /* AwemeTTHttpTask.h */ = {isa = PBXFileReference; fileEncoding = 4; lastKnownFileType = sourcecode.c.h; path = AwemeTTHttpTask.h; sourceTree = "<group>"; };
		D0B6BF9A271286BD00AD795B /* MBProgressHUD.m */ = {isa = PBXFileReference; fileEncoding = 4; lastKnownFileType = sourcecode.c.objc; path = MBProgressHUD.m; sourceTree = "<group>"; };
		D0B6BF9B271286BD00AD795B /* MBProgressHUD+XYHUD.h */ = {isa = PBXFileReference; fileEncoding = 4; lastKnownFileType = sourcecode.c.h; path = "MBProgressHUD+XYHUD.h"; sourceTree = "<group>"; };
		D0B6BF9C271286BD00AD795B /* UIDebuggingTool.h */ = {isa = PBXFileReference; fileEncoding = 4; lastKnownFileType = sourcecode.c.h; path = UIDebuggingTool.h; sourceTree = "<group>"; };
		D0B6BF9D271286BD00AD795B /* XYVideoDownloader.m */ = {isa = PBXFileReference; fileEncoding = 4; lastKnownFileType = sourcecode.c.objc; path = XYVideoDownloader.m; sourceTree = "<group>"; };
		D0B6BF9E271286BD00AD795B /* MBProgressHUD.h */ = {isa = PBXFileReference; fileEncoding = 4; lastKnownFileType = sourcecode.c.h; path = MBProgressHUD.h; sourceTree = "<group>"; };
		D0B6BF9F271286BD00AD795B /* UIDebuggingTool.m */ = {isa = PBXFileReference; fileEncoding = 4; lastKnownFileType = sourcecode.c.objc; path = UIDebuggingTool.m; sourceTree = "<group>"; };
		D0B6BFA0271286BD00AD795B /* MBProgressHUD+XYHUD.m */ = {isa = PBXFileReference; fileEncoding = 4; lastKnownFileType = sourcecode.c.objc; path = "MBProgressHUD+XYHUD.m"; sourceTree = "<group>"; };
		D0B6BFA1271286BD00AD795B /* XYVideoDownloader.h */ = {isa = PBXFileReference; fileEncoding = 4; lastKnownFileType = sourcecode.c.h; path = XYVideoDownloader.h; sourceTree = "<group>"; };
		D0B6BFAA271287DB00AD795B /* XYConfigSettingsViewController.h */ = {isa = PBXFileReference; fileEncoding = 4; lastKnownFileType = sourcecode.c.h; path = XYConfigSettingsViewController.h; sourceTree = "<group>"; };
		D0B6BFAB271287DB00AD795B /* XYConfigSettingsViewController.m */ = {isa = PBXFileReference; fileEncoding = 4; lastKnownFileType = sourcecode.c.objc; path = XYConfigSettingsViewController.m; sourceTree = "<group>"; };
		D0B6BFAE271288AE00AD795B /* TikTokDylib-Bridging-Header.h */ = {isa = PBXFileReference; lastKnownFileType = sourcecode.c.h; path = "TikTokDylib-Bridging-Header.h"; sourceTree = "<group>"; };
		D0B6BFAF271288AE00AD795B /* XYPreferenceManager.swift */ = {isa = PBXFileReference; lastKnownFileType = sourcecode.swift; path = XYPreferenceManager.swift; sourceTree = "<group>"; };
		D0B6BFB3271290A400AD795B /* iconPersonalSettingArrow_18x18_@2x.png */ = {isa = PBXFileReference; lastKnownFileType = image.png; path = "iconPersonalSettingArrow_18x18_@2x.png"; sourceTree = "<group>"; };
		D0B6BFB4271290A400AD795B /* icon_discovery_favi@2x.png */ = {isa = PBXFileReference; lastKnownFileType = image.png; path = "icon_discovery_favi@2x.png"; sourceTree = "<group>"; };
		D0B6BFB5271290A400AD795B /* icon_discovery_favi@3x.png */ = {isa = PBXFileReference; lastKnownFileType = image.png; path = "icon_discovery_favi@3x.png"; sourceTree = "<group>"; };
		D0B6BFB7271290A400AD795B /* countryCode.plist */ = {isa = PBXFileReference; fileEncoding = 4; lastKnownFileType = text.plist.xml; path = countryCode.plist; sourceTree = "<group>"; };
		D0B6BFBF2712A18200AD795B /* Carrier.swift */ = {isa = PBXFileReference; lastKnownFileType = sourcecode.swift; path = Carrier.swift; sourceTree = "<group>"; };
		D0B6BFC12712AF7C00AD795B /* TikTokSettingsHeaders.h */ = {isa = PBXFileReference; lastKnownFileType = sourcecode.c.h; path = TikTokSettingsHeaders.h; sourceTree = "<group>"; };
		D0FCBBF32707696100B3129F /* TikTokHeaders.h */ = {isa = PBXFileReference; lastKnownFileType = sourcecode.c.h; path = TikTokHeaders.h; sourceTree = "<group>"; };
/* End PBXFileReference section */

/* Begin PBXFrameworksBuildPhase section */
		D07B52652706C870009ABD87 /* Frameworks */ = {
			isa = PBXFrameworksBuildPhase;
			buildActionMask = 2147483647;
			files = (
			);
			runOnlyForDeploymentPostprocessing = 0;
		};
		D07B52792706C871009ABD87 /* Frameworks */ = {
			isa = PBXFrameworksBuildPhase;
			buildActionMask = 2147483647;
			files = (
				D07B52862706C871009ABD87 /* UIKit.framework in Frameworks */,
				D0A2A9AE270F05F10001352D /* FLEX.framework in Frameworks */,
				D07B52842706C871009ABD87 /* Foundation.framework in Frameworks */,
				D0FCBC622707EE7F00B3129F /* JavaScriptCore.framework in Frameworks */,
			);
			runOnlyForDeploymentPostprocessing = 0;
		};
/* End PBXFrameworksBuildPhase section */

/* Begin PBXGroup section */
		D07B525F2706C870009ABD87 = {
			isa = PBXGroup;
			children = (
				D0A2A9A5270F05DC0001352D /* FLEX.xcodeproj */,
				D07B526D2706C870009ABD87 /* TikTok */,
				D07B52872706C871009ABD87 /* TikTokDylib */,
				D07B52802706C871009ABD87 /* Frameworks */,
				D07B526C2706C870009ABD87 /* Products */,
			);
			sourceTree = "<group>";
		};
		D07B526C2706C870009ABD87 /* Products */ = {
			isa = PBXGroup;
			children = (
				D07B526B2706C870009ABD87 /* TikTok.app */,
				D07B527C2706C871009ABD87 /* libTikTokDylib.dylib */,
			);
			name = Products;
			sourceTree = "<group>";
		};
		D07B526D2706C870009ABD87 /* TikTok */ = {
			isa = PBXGroup;
			children = (
				D07B526E2706C870009ABD87 /* icon.png */,
				D07B52762706C870009ABD87 /* Info.plist */,
				D07B526F2706C870009ABD87 /* Scripts */,
				D07B52712706C870009ABD87 /* Config */,
				D07B52742706C870009ABD87 /* TargetApp */,
			);
			path = TikTok;
			sourceTree = "<group>";
		};
		D07B526F2706C870009ABD87 /* Scripts */ = {
			isa = PBXGroup;
			children = (
				D07B52702706C870009ABD87 /* quick-resign.sh */,
			);
			path = Scripts;
			sourceTree = "<group>";
		};
		D07B52712706C870009ABD87 /* Config */ = {
			isa = PBXGroup;
			children = (
				D07B52722706C870009ABD87 /* MDConfig.plist */,
			);
			path = Config;
			sourceTree = "<group>";
		};
		D07B52742706C870009ABD87 /* TargetApp */ = {
			isa = PBXGroup;
			children = (
				D07B52752706C870009ABD87 /* put ipa or app here */,
			);
			path = TargetApp;
			sourceTree = "<group>";
		};
		D07B52802706C871009ABD87 /* Frameworks */ = {
			isa = PBXGroup;
			children = (
				D07B52812706C871009ABD87 /* JavaScriptCore.framework */,
				D07B52832706C871009ABD87 /* Foundation.framework */,
				D07B52852706C871009ABD87 /* UIKit.framework */,
			);
			name = Frameworks;
			sourceTree = "<group>";
		};
		D07B52872706C871009ABD87 /* TikTokDylib */ = {
			isa = PBXGroup;
			children = (
				D0B6BF97271286BD00AD795B /* Source */,
				D0FCBBF22707694D00B3129F /* Headers */,
				D07B52C02706C871009ABD87 /* TikTokDylib.h */,
				D07B52C22706C871009ABD87 /* TikTokDylib.m */,
				D07B52882706C871009ABD87 /* Logos */,
				D07B528C2706C871009ABD87 /* Config */,
				D07B52992706C871009ABD87 /* Trace */,
				D07B52B12706C871009ABD87 /* Tools */,
				D07B52B82706C871009ABD87 /* AntiAntiDebug */,
				D07B52BB2706C871009ABD87 /* fishhook */,
				D07B52B62706C871009ABD87 /* Supporting Files */,
			);
			path = TikTokDylib;
			sourceTree = "<group>";
		};
		D07B52882706C871009ABD87 /* Logos */ = {
			isa = PBXGroup;
			children = (
				D07B52892706C871009ABD87 /* TikTokDylib.xm */,
				D07B528A2706C871009ABD87 /* TikTokDylib.mm */,
			);
			path = Logos;
			sourceTree = "<group>";
		};
		D07B528C2706C871009ABD87 /* Config */ = {
			isa = PBXGroup;
			children = (
				D07B528D2706C871009ABD87 /* MDConfigManager.h */,
				D07B528F2706C871009ABD87 /* MDConfigManager.m */,
				D07B52912706C871009ABD87 /* MDCycriptManager.h */,
				D07B52932706C871009ABD87 /* MDCycriptManager.m */,
				D07B52952706C871009ABD87 /* MDMethodTrace.h */,
				D07B52972706C871009ABD87 /* MDMethodTrace.m */,
			);
			path = Config;
			sourceTree = "<group>";
		};
		D07B52992706C871009ABD87 /* Trace */ = {
			isa = PBXGroup;
			children = (
				D07B529A2706C871009ABD87 /* a1a2-selectortramps-arm.s */,
				D07B529C2706C871009ABD87 /* a1a2-selectortramps-arm64.s */,
				D07B529E2706C871009ABD87 /* a1a2-selectortramps-i386.s */,
				D07B52A02706C871009ABD87 /* a1a2-selectortramps-x86_64.s */,
				D07B52A22706C871009ABD87 /* a2a3-selectortramps-arm.s */,
				D07B52A42706C871009ABD87 /* a2a3-selectortramps-i386.s */,
				D07B52A62706C871009ABD87 /* a2a3-selectortramps-x86_64.s */,
				D07B52A82706C871009ABD87 /* OCMethodTrace.h */,
				D07B52AA2706C871009ABD87 /* OCMethodTrace.m */,
				D07B52AC2706C871009ABD87 /* OCSelectorTrampolines.h */,
				D07B52AE2706C871009ABD87 /* OCSelectorTrampolines.mm */,
				D07B52B02706C871009ABD87 /* selectortramps.mac */,
			);
			path = Trace;
			sourceTree = "<group>";
		};
		D07B52B12706C871009ABD87 /* Tools */ = {
			isa = PBXGroup;
			children = (
				D07B52B22706C871009ABD87 /* LLDBTools.h */,
				D07B52B42706C871009ABD87 /* LLDBTools.mm */,
			);
			path = Tools;
			sourceTree = "<group>";
		};
		D07B52B62706C871009ABD87 /* Supporting Files */ = {
			isa = PBXGroup;
			children = (
				D07B52B72706C871009ABD87 /* TikTokDylib-Prefix.pch */,
			);
			path = "Supporting Files";
			sourceTree = "<group>";
		};
		D07B52B82706C871009ABD87 /* AntiAntiDebug */ = {
			isa = PBXGroup;
			children = (
				D07B52B92706C871009ABD87 /* AntiAntiDebug.m */,
			);
			path = AntiAntiDebug;
			sourceTree = "<group>";
		};
		D07B52BB2706C871009ABD87 /* fishhook */ = {
			isa = PBXGroup;
			children = (
				D07B52BC2706C871009ABD87 /* fishhook.c */,
				D07B52BE2706C871009ABD87 /* fishhook.h */,
			);
			path = fishhook;
			sourceTree = "<group>";
		};
		D0A2A9A6270F05DC0001352D /* Products */ = {
			isa = PBXGroup;
			children = (
				D0A2A9AB270F05DC0001352D /* FLEX.framework */,
				D0A2A9AD270F05DC0001352D /* FLEXTests.xctest */,
			);
			name = Products;
			sourceTree = "<group>";
		};
		D0B6BF97271286BD00AD795B /* Source */ = {
			isa = PBXGroup;
			children = (
				D0B6BFB1271290A400AD795B /* Resource */,
				D0B6BF98271286BD00AD795B /* Settings */,
				D0B6BF99271286BD00AD795B /* Common */,
			);
			path = Source;
			sourceTree = "<group>";
		};
		D0B6BF98271286BD00AD795B /* Settings */ = {
			isa = PBXGroup;
			children = (
				D0B6BFAA271287DB00AD795B /* XYConfigSettingsViewController.h */,
				D0B6BFAB271287DB00AD795B /* XYConfigSettingsViewController.m */,
				D0B6BFAF271288AE00AD795B /* XYPreferenceManager.swift */,
				D0B6BFAE271288AE00AD795B /* TikTokDylib-Bridging-Header.h */,
				D0B6BFBF2712A18200AD795B /* Carrier.swift */,
			);
			path = Settings;
			sourceTree = "<group>";
		};
		D0B6BF99271286BD00AD795B /* Common */ = {
			isa = PBXGroup;
			children = (
				D0B6BF9A271286BD00AD795B /* MBProgressHUD.m */,
				D0B6BF9B271286BD00AD795B /* MBProgressHUD+XYHUD.h */,
				D0B6BF9C271286BD00AD795B /* UIDebuggingTool.h */,
				D0B6BF9D271286BD00AD795B /* XYVideoDownloader.m */,
				D0B6BF9E271286BD00AD795B /* MBProgressHUD.h */,
				D0B6BF9F271286BD00AD795B /* UIDebuggingTool.m */,
				D0B6BFA0271286BD00AD795B /* MBProgressHUD+XYHUD.m */,
				D0B6BFA1271286BD00AD795B /* XYVideoDownloader.h */,
			);
			path = Common;
			sourceTree = "<group>";
		};
		D0B6BFB1271290A400AD795B /* Resource */ = {
			isa = PBXGroup;
			children = (
				D0B6BFB3271290A400AD795B /* iconPersonalSettingArrow_18x18_@2x.png */,
				D0B6BFB4271290A400AD795B /* icon_discovery_favi@2x.png */,
				D0B6BFB5271290A400AD795B /* icon_discovery_favi@3x.png */,
				D0B6BFB7271290A400AD795B /* countryCode.plist */,
			);
			path = Resource;
			sourceTree = "<group>";
		};
		D0FCBBF22707694D00B3129F /* Headers */ = {
			isa = PBXGroup;
			children = (
				D0FCBBF32707696100B3129F /* TikTokHeaders.h */,
				D0A2A9B8270F07F10001352D /* AwemeTTHttpTask.h */,
				D0B6BFC12712AF7C00AD795B /* TikTokSettingsHeaders.h */,
			);
			path = Headers;
			sourceTree = "<group>";
		};
/* End PBXGroup section */

/* Begin PBXHeadersBuildPhase section */
		D07B527A2706C871009ABD87 /* Headers */ = {
			isa = PBXHeadersBuildPhase;
			buildActionMask = 2147483647;
			files = (
				D07B52922706C871009ABD87 /* MDCycriptManager.h in Headers */,
				D0A2A9B9270F07F10001352D /* AwemeTTHttpTask.h in Headers */,
				D0FCBBF427076CA200B3129F /* TikTokHeaders.h in Headers */,
				D0B6BFA6271286BD00AD795B /* MBProgressHUD.h in Headers */,
				D0B6BFA9271286BD00AD795B /* XYVideoDownloader.h in Headers */,
				D07B52962706C871009ABD87 /* MDMethodTrace.h in Headers */,
				D07B52BF2706C871009ABD87 /* fishhook.h in Headers */,
				D07B52B32706C871009ABD87 /* LLDBTools.h in Headers */,
				D07B528E2706C871009ABD87 /* MDConfigManager.h in Headers */,
				D0B6BFA4271286BD00AD795B /* UIDebuggingTool.h in Headers */,
				D0B6BFAC271287DB00AD795B /* XYConfigSettingsViewController.h in Headers */,
				D0B6BFA3271286BD00AD795B /* MBProgressHUD+XYHUD.h in Headers */,
				D07B52C12706C871009ABD87 /* TikTokDylib.h in Headers */,
				D07B52AD2706C871009ABD87 /* OCSelectorTrampolines.h in Headers */,
				D07B52A92706C871009ABD87 /* OCMethodTrace.h in Headers */,
			);
			runOnlyForDeploymentPostprocessing = 0;
		};
/* End PBXHeadersBuildPhase section */

/* Begin PBXNativeTarget section */
		D07B526A2706C870009ABD87 /* TikTok */ = {
			isa = PBXNativeTarget;
			buildConfigurationList = D07B52C92706C871009ABD87 /* Build configuration list for PBXNativeTarget "TikTok" */;
			buildPhases = (
				D07B52642706C870009ABD87 /* Sources */,
				D07B52652706C870009ABD87 /* Frameworks */,
				D07B52662706C870009ABD87 /* ShellScript */,
				D07B52672706C870009ABD87 /* Resources */,
				D07B52682706C870009ABD87 /* CopyFiles */,
				D07B52692706C870009ABD87 /* ShellScript */,
			);
			buildRules = (
			);
			dependencies = (
				D07B527F2706C871009ABD87 /* PBXTargetDependency */,
			);
			name = TikTok;
			productName = TikTok;
			productReference = D07B526B2706C870009ABD87 /* TikTok.app */;
			productType = "com.apple.product-type.application";
		};
		D07B527B2706C871009ABD87 /* TikTokDylib */ = {
			isa = PBXNativeTarget;
			buildConfigurationList = D07B52C62706C871009ABD87 /* Build configuration list for PBXNativeTarget "TikTokDylib" */;
			buildPhases = (
				D07B52772706C871009ABD87 /* ShellScript */,
				D07B52782706C871009ABD87 /* Sources */,
				D07B52792706C871009ABD87 /* Frameworks */,
				D07B527A2706C871009ABD87 /* Headers */,
				D0A2A9B0270F05F10001352D /* Embed Frameworks */,
			);
			buildRules = (
			);
			dependencies = (
			);
			name = TikTokDylib;
			productName = TikTokDylib;
			productReference = D07B527C2706C871009ABD87 /* libTikTokDylib.dylib */;
			productType = "com.apple.product-type.library.dynamic";
		};
/* End PBXNativeTarget section */

/* Begin PBXProject section */
		D07B52602706C870009ABD87 /* Project object */ = {
			isa = PBXProject;
			attributes = {
				BuildIndependentTargetsInParallel = 1;
				LastUpgradeCheck = 1300;
				TargetAttributes = {
					D07B526A2706C870009ABD87 = {
						CreatedOnToolsVersion = 13.0;
					};
					D07B527B2706C871009ABD87 = {
						CreatedOnToolsVersion = 13.0;
						LastSwiftMigration = 1300;
					};
				};
			};
			buildConfigurationList = D07B52632706C870009ABD87 /* Build configuration list for PBXProject "TikTok" */;
			compatibilityVersion = "Xcode 13.0";
			developmentRegion = en;
			hasScannedForEncodings = 0;
			knownRegions = (
				en,
				Base,
			);
			mainGroup = D07B525F2706C870009ABD87;
			productRefGroup = D07B526C2706C870009ABD87 /* Products */;
			projectDirPath = "";
			projectReferences = (
				{
					ProductGroup = D0A2A9A6270F05DC0001352D /* Products */;
					ProjectRef = D0A2A9A5270F05DC0001352D /* FLEX.xcodeproj */;
				},
			);
			projectRoot = "";
			targets = (
				D07B526A2706C870009ABD87 /* TikTok */,
				D07B527B2706C871009ABD87 /* TikTokDylib */,
			);
		};
/* End PBXProject section */

/* Begin PBXReferenceProxy section */
		D0A2A9AB270F05DC0001352D /* FLEX.framework */ = {
			isa = PBXReferenceProxy;
			fileType = wrapper.framework;
			path = FLEX.framework;
			remoteRef = D0A2A9AA270F05DC0001352D /* PBXContainerItemProxy */;
			sourceTree = BUILT_PRODUCTS_DIR;
		};
		D0A2A9AD270F05DC0001352D /* FLEXTests.xctest */ = {
			isa = PBXReferenceProxy;
			fileType = wrapper.cfbundle;
			path = FLEXTests.xctest;
			remoteRef = D0A2A9AC270F05DC0001352D /* PBXContainerItemProxy */;
			sourceTree = BUILT_PRODUCTS_DIR;
		};
/* End PBXReferenceProxy section */

/* Begin PBXResourcesBuildPhase section */
		D07B52672706C870009ABD87 /* Resources */ = {
			isa = PBXResourcesBuildPhase;
			buildActionMask = 2147483647;
			files = (
				D0B6BFBC271290A400AD795B /* countryCode.plist in Resources */,
				D0B6BFBA271290A400AD795B /* icon_discovery_favi@2x.png in Resources */,
				D0B6BFB9271290A400AD795B /* iconPersonalSettingArrow_18x18_@2x.png in Resources */,
				D0B6BFBB271290A400AD795B /* icon_discovery_favi@3x.png in Resources */,
				D07B52732706C870009ABD87 /* MDConfig.plist in Resources */,
			);
			runOnlyForDeploymentPostprocessing = 0;
		};
/* End PBXResourcesBuildPhase section */

/* Begin PBXShellScriptBuildPhase section */
		D07B52662706C870009ABD87 /* ShellScript */ = {
			isa = PBXShellScriptBuildPhase;
			buildActionMask = 2147483647;
			files = (
			);
			inputFileListPaths = (
			);
			inputPaths = (
			);
			outputFileListPaths = (
			);
			outputPaths = (
			);
			runOnlyForDeploymentPostprocessing = 0;
			shellPath = /bin/sh;
			shellScript = /opt/MonkeyDev/Tools/pack.sh;
		};
		D07B52692706C870009ABD87 /* ShellScript */ = {
			isa = PBXShellScriptBuildPhase;
			buildActionMask = 2147483647;
			files = (
			);
			inputFileListPaths = (
			);
			inputPaths = (
			);
			outputFileListPaths = (
			);
			outputPaths = (
			);
			runOnlyForDeploymentPostprocessing = 0;
			shellPath = /bin/sh;
			shellScript = "/opt/MonkeyDev/Tools/pack.sh codesign";
		};
		D07B52772706C871009ABD87 /* ShellScript */ = {
			isa = PBXShellScriptBuildPhase;
			buildActionMask = 2147483647;
			files = (
			);
			inputFileListPaths = (
			);
			inputPaths = (
			);
			outputFileListPaths = (
			);
			outputPaths = (
			);
			runOnlyForDeploymentPostprocessing = 0;
			shellPath = /bin/sh;
			shellScript = "/opt/MonkeyDev/bin/md --xcbp-logos";
		};
/* End PBXShellScriptBuildPhase section */

/* Begin PBXSourcesBuildPhase section */
		D07B52642706C870009ABD87 /* Sources */ = {
			isa = PBXSourcesBuildPhase;
			buildActionMask = 2147483647;
			files = (
			);
			runOnlyForDeploymentPostprocessing = 0;
		};
		D07B52782706C871009ABD87 /* Sources */ = {
			isa = PBXSourcesBuildPhase;
			buildActionMask = 2147483647;
			files = (
				D0B6BFAD271287DB00AD795B /* XYConfigSettingsViewController.m in Sources */,
				D07B52942706C871009ABD87 /* MDCycriptManager.m in Sources */,
				D0B6BFB0271288AE00AD795B /* XYPreferenceManager.swift in Sources */,
				D07B529D2706C871009ABD87 /* a1a2-selectortramps-arm64.s in Sources */,
				D07B529B2706C871009ABD87 /* a1a2-selectortramps-arm.s in Sources */,
				D07B52A12706C871009ABD87 /* a1a2-selectortramps-x86_64.s in Sources */,
				D07B52AB2706C871009ABD87 /* OCMethodTrace.m in Sources */,
				D07B52902706C871009ABD87 /* MDConfigManager.m in Sources */,
				D0B6BFA5271286BD00AD795B /* XYVideoDownloader.m in Sources */,
				D07B52BD2706C871009ABD87 /* fishhook.c in Sources */,
				D0B6BFA7271286BD00AD795B /* UIDebuggingTool.m in Sources */,
				D07B52BA2706C871009ABD87 /* AntiAntiDebug.m in Sources */,
				D0B6BFC22712AF7C00AD795B /* TikTokSettingsHeaders.h in Sources */,
				D0B6BFA8271286BD00AD795B /* MBProgressHUD+XYHUD.m in Sources */,
				D07B52C32706C871009ABD87 /* TikTokDylib.m in Sources */,
				D07B52AF2706C871009ABD87 /* OCSelectorTrampolines.mm in Sources */,
				D07B529F2706C871009ABD87 /* a1a2-selectortramps-i386.s in Sources */,
				D07B52A52706C871009ABD87 /* a2a3-selectortramps-i386.s in Sources */,
				D07B52A32706C871009ABD87 /* a2a3-selectortramps-arm.s in Sources */,
				D0B6BFA2271286BD00AD795B /* MBProgressHUD.m in Sources */,
				D07B528B2706C871009ABD87 /* TikTokDylib.mm in Sources */,
				D07B52B52706C871009ABD87 /* LLDBTools.mm in Sources */,
				D07B52A72706C871009ABD87 /* a2a3-selectortramps-x86_64.s in Sources */,
				D0B6BFC02712A18200AD795B /* Carrier.swift in Sources */,
				D07B52982706C871009ABD87 /* MDMethodTrace.m in Sources */,
			);
			runOnlyForDeploymentPostprocessing = 0;
		};
/* End PBXSourcesBuildPhase section */

/* Begin PBXTargetDependency section */
		D07B527F2706C871009ABD87 /* PBXTargetDependency */ = {
			isa = PBXTargetDependency;
			target = D07B527B2706C871009ABD87 /* TikTokDylib */;
			targetProxy = D07B527E2706C871009ABD87 /* PBXContainerItemProxy */;
		};
/* End PBXTargetDependency section */

/* Begin XCBuildConfiguration section */
		D07B52C42706C871009ABD87 /* Debug */ = {
			isa = XCBuildConfiguration;
			buildSettings = {
				ALWAYS_SEARCH_USER_PATHS = NO;
				CLANG_ANALYZER_NONNULL = YES;
				CLANG_ANALYZER_NUMBER_OBJECT_CONVERSION = YES_AGGRESSIVE;
				CLANG_CXX_LANGUAGE_STANDARD = "gnu++17";
				CLANG_CXX_LIBRARY = "libc++";
				CLANG_ENABLE_MODULES = YES;
				CLANG_ENABLE_OBJC_ARC = YES;
				CLANG_ENABLE_OBJC_WEAK = YES;
				CLANG_WARN_BLOCK_CAPTURE_AUTORELEASING = YES;
				CLANG_WARN_BOOL_CONVERSION = YES;
				CLANG_WARN_COMMA = YES;
				CLANG_WARN_CONSTANT_CONVERSION = YES;
				CLANG_WARN_DEPRECATED_OBJC_IMPLEMENTATIONS = YES;
				CLANG_WARN_DIRECT_OBJC_ISA_USAGE = YES_ERROR;
				CLANG_WARN_DOCUMENTATION_COMMENTS = YES;
				CLANG_WARN_EMPTY_BODY = YES;
				CLANG_WARN_ENUM_CONVERSION = YES;
				CLANG_WARN_INFINITE_RECURSION = YES;
				CLANG_WARN_INT_CONVERSION = YES;
				CLANG_WARN_NON_LITERAL_NULL_CONVERSION = YES;
				CLANG_WARN_OBJC_IMPLICIT_RETAIN_SELF = YES;
				CLANG_WARN_OBJC_LITERAL_CONVERSION = YES;
				CLANG_WARN_OBJC_ROOT_CLASS = YES_ERROR;
				CLANG_WARN_QUOTED_INCLUDE_IN_FRAMEWORK_HEADER = YES;
				CLANG_WARN_RANGE_LOOP_ANALYSIS = YES;
				CLANG_WARN_STRICT_PROTOTYPES = YES;
				CLANG_WARN_SUSPICIOUS_MOVE = YES;
				CLANG_WARN_UNGUARDED_AVAILABILITY = YES_AGGRESSIVE;
				CLANG_WARN_UNREACHABLE_CODE = YES;
				CLANG_WARN__DUPLICATE_METHOD_MATCH = YES;
				COPY_PHASE_STRIP = NO;
				DEBUG_INFORMATION_FORMAT = dwarf;
				ENABLE_STRICT_OBJC_MSGSEND = YES;
				ENABLE_TESTABILITY = YES;
				GCC_C_LANGUAGE_STANDARD = gnu11;
				GCC_DYNAMIC_NO_PIC = NO;
				GCC_NO_COMMON_BLOCKS = YES;
				GCC_OPTIMIZATION_LEVEL = 0;
				GCC_PREPROCESSOR_DEFINITIONS = (
					"DEBUG=1",
					"$(inherited)",
				);
				GCC_WARN_64_TO_32_BIT_CONVERSION = YES;
				GCC_WARN_ABOUT_RETURN_TYPE = YES_ERROR;
				GCC_WARN_UNDECLARED_SELECTOR = YES;
				GCC_WARN_UNINITIALIZED_AUTOS = YES_AGGRESSIVE;
				GCC_WARN_UNUSED_FUNCTION = YES;
				GCC_WARN_UNUSED_VARIABLE = YES;
				IPHONEOS_DEPLOYMENT_TARGET = 8.0;
				MTL_ENABLE_DEBUG_INFO = INCLUDE_SOURCE;
				MTL_FAST_MATH = YES;
				ONLY_ACTIVE_ARCH = YES;
				SDKROOT = iphoneos;
			};
			name = Debug;
		};
		D07B52C52706C871009ABD87 /* Release */ = {
			isa = XCBuildConfiguration;
			buildSettings = {
				ALWAYS_SEARCH_USER_PATHS = NO;
				CLANG_ANALYZER_NONNULL = YES;
				CLANG_ANALYZER_NUMBER_OBJECT_CONVERSION = YES_AGGRESSIVE;
				CLANG_CXX_LANGUAGE_STANDARD = "gnu++17";
				CLANG_CXX_LIBRARY = "libc++";
				CLANG_ENABLE_MODULES = YES;
				CLANG_ENABLE_OBJC_ARC = YES;
				CLANG_ENABLE_OBJC_WEAK = YES;
				CLANG_WARN_BLOCK_CAPTURE_AUTORELEASING = YES;
				CLANG_WARN_BOOL_CONVERSION = YES;
				CLANG_WARN_COMMA = YES;
				CLANG_WARN_CONSTANT_CONVERSION = YES;
				CLANG_WARN_DEPRECATED_OBJC_IMPLEMENTATIONS = YES;
				CLANG_WARN_DIRECT_OBJC_ISA_USAGE = YES_ERROR;
				CLANG_WARN_DOCUMENTATION_COMMENTS = YES;
				CLANG_WARN_EMPTY_BODY = YES;
				CLANG_WARN_ENUM_CONVERSION = YES;
				CLANG_WARN_INFINITE_RECURSION = YES;
				CLANG_WARN_INT_CONVERSION = YES;
				CLANG_WARN_NON_LITERAL_NULL_CONVERSION = YES;
				CLANG_WARN_OBJC_IMPLICIT_RETAIN_SELF = YES;
				CLANG_WARN_OBJC_LITERAL_CONVERSION = YES;
				CLANG_WARN_OBJC_ROOT_CLASS = YES_ERROR;
				CLANG_WARN_QUOTED_INCLUDE_IN_FRAMEWORK_HEADER = YES;
				CLANG_WARN_RANGE_LOOP_ANALYSIS = YES;
				CLANG_WARN_STRICT_PROTOTYPES = YES;
				CLANG_WARN_SUSPICIOUS_MOVE = YES;
				CLANG_WARN_UNGUARDED_AVAILABILITY = YES_AGGRESSIVE;
				CLANG_WARN_UNREACHABLE_CODE = YES;
				CLANG_WARN__DUPLICATE_METHOD_MATCH = YES;
				COPY_PHASE_STRIP = NO;
				DEBUG_INFORMATION_FORMAT = "dwarf-with-dsym";
				ENABLE_NS_ASSERTIONS = NO;
				ENABLE_STRICT_OBJC_MSGSEND = YES;
				GCC_C_LANGUAGE_STANDARD = gnu11;
				GCC_NO_COMMON_BLOCKS = YES;
				GCC_WARN_64_TO_32_BIT_CONVERSION = YES;
				GCC_WARN_ABOUT_RETURN_TYPE = YES_ERROR;
				GCC_WARN_UNDECLARED_SELECTOR = YES;
				GCC_WARN_UNINITIALIZED_AUTOS = YES_AGGRESSIVE;
				GCC_WARN_UNUSED_FUNCTION = YES;
				GCC_WARN_UNUSED_VARIABLE = YES;
				IPHONEOS_DEPLOYMENT_TARGET = 8.0;
				MTL_ENABLE_DEBUG_INFO = NO;
				MTL_FAST_MATH = YES;
				SDKROOT = iphoneos;
				VALIDATE_PRODUCT = YES;
			};
			name = Release;
		};
		D07B52C72706C871009ABD87 /* Debug */ = {
			isa = XCBuildConfiguration;
			buildSettings = {
				CLANG_ENABLE_MODULES = YES;
				CODE_SIGN_IDENTITY = "Apple Development";
				CODE_SIGN_STYLE = Automatic;
				DEVELOPMENT_TEAM = F4N226DG5U;
				DYLIB_COMPATIBILITY_VERSION = 1;
				DYLIB_CURRENT_VERSION = 1;
				ENABLE_BITCODE = NO;
				EXCLUDED_RECURSIVE_SEARCH_PATH_SUBDIRECTORIES = "*.nib *.lproj *.gch (*) .DS_Store CVS .svn .git .hg *.xcodeproj *.xcode *.pbproj *.pbxproj";
				EXECUTABLE_PREFIX = lib;
				FRAMEWORK_SEARCH_PATHS = (
					"$(inherited)",
					"$(MonkeyDevPath)/Frameworks/**",
					"$(MonkeyDevPath)/Librarys/**",
					"$(MonkeyDevTheosPath)/vendor/lib",
				);
				GCC_C_LANGUAGE_STANDARD = gnu99;
				GCC_PRECOMPILE_PREFIX_HEADER = YES;
				GCC_PREFIX_HEADER = "TikTokDylib/TikTokDylib-Prefix.pch";
				GCC_SYMBOLS_PRIVATE_EXTERN = NO;
				GCC_WARN_ABOUT_MISSING_PROTOTYPES = YES;
				GCC_WARN_ABOUT_RETURN_TYPE = YES;
				HEADER_SEARCH_PATHS = (
					"$(inherited)",
					"$(MonkeyDevPath)/include",
					"$(MonkeyDevTheosPath)/vendor/include/**",
				);
				INSTALL_PATH = "@executable_path/Frameworks/libTikTokDylib.dylib";
				IPHONEOS_DEPLOYMENT_TARGET = 9.0;
				LD_RUNPATH_SEARCH_PATHS = (
					"$(inherited)",
					"@executable_path/Frameworks",
				);
				LIBRARY_SEARCH_PATHS = (
					"$(inherited)",
					"$(MonkeyDevPath)/Frameworks",
					"$(MonkeyDevTheosPath)/vendor/lib/**",
				);
				MonkeyDevPath = /opt/MonkeyDev;
				MonkeyDevTheosPath = /opt/theos;
				OTHER_CFLAGS = (
					"$(inherited)",
					"-DTHEOS_INSTANCE_NAME=\"\\\"TikTokDylib\\\"\"",
				);
				OTHER_LDFLAGS = (
					"$(inherited)",
					"-weak_library",
					"/usr/lib/libc++.dylib",
					"-weak_library",
					"/usr/lib/libstdc++.dylib",
					"-weak_library",
					"$(MonkeyDevPath)/Frameworks/libsubstrate.dylib",
					"-lcycript",
					"-framework",
					RevealServer,
				);
				PRODUCT_NAME = "$(TARGET_NAME)";
				SWIFT_OBJC_BRIDGING_HEADER = "TikTokDylib/Source/Settings/TikTokDylib-Bridging-Header.h";
				SWIFT_OPTIMIZATION_LEVEL = "-Onone";
				SWIFT_VERSION = 5.0;
				TARGETED_DEVICE_FAMILY = "1,2";
				VALIDATE_PRODUCT = NO;
			};
			name = Debug;
		};
		D07B52C82706C871009ABD87 /* Release */ = {
			isa = XCBuildConfiguration;
			buildSettings = {
				CLANG_ENABLE_MODULES = YES;
				CODE_SIGN_IDENTITY = "Apple Development";
				CODE_SIGN_STYLE = Automatic;
				COPY_PHASE_STRIP = YES;
				DEVELOPMENT_TEAM = F4N226DG5U;
				DYLIB_COMPATIBILITY_VERSION = 1;
				DYLIB_CURRENT_VERSION = 1;
				ENABLE_BITCODE = NO;
				EXCLUDED_RECURSIVE_SEARCH_PATH_SUBDIRECTORIES = "*.nib *.lproj *.gch (*) .DS_Store CVS .svn .git .hg *.xcodeproj *.xcode *.pbproj *.pbxproj";
				EXECUTABLE_PREFIX = lib;
				FRAMEWORK_SEARCH_PATHS = (
					"$(inherited)",
					"$(MonkeyDevPath)/Frameworks/**",
					"$(MonkeyDevPath)/Librarys/**",
					"$(MonkeyDevTheosPath)/vendor/lib",
				);
				GCC_C_LANGUAGE_STANDARD = gnu99;
				GCC_PRECOMPILE_PREFIX_HEADER = YES;
				GCC_PREFIX_HEADER = "TikTokDylib/TikTokDylib-Prefix.pch";
				GCC_WARN_ABOUT_MISSING_PROTOTYPES = YES;
				GCC_WARN_ABOUT_RETURN_TYPE = YES;
				HEADER_SEARCH_PATHS = (
					"$(inherited)",
					"$(MonkeyDevPath)/include",
					"$(MonkeyDevTheosPath)/vendor/include/**",
				);
				INSTALL_PATH = "@executable_path/Frameworks/libTikTokDylib.dylib";
				IPHONEOS_DEPLOYMENT_TARGET = 9.0;
				LD_RUNPATH_SEARCH_PATHS = (
					"$(inherited)",
					"@executable_path/Frameworks",
				);
				LIBRARY_SEARCH_PATHS = (
					"$(inherited)",
					"$(MonkeyDevPath)/Frameworks",
					"$(MonkeyDevTheosPath)/vendor/lib/**",
				);
				MonkeyDevPath = /opt/MonkeyDev;
				MonkeyDevTheosPath = /opt/theos;
				OTHER_CFLAGS = (
					"$(inherited)",
					"-DTHEOS_INSTANCE_NAME=\"\\\"TikTokDylib\\\"\"",
				);
				OTHER_LDFLAGS = (
					"$(inherited)",
					"-weak_library",
					"/usr/lib/libc++.dylib",
					"-weak_library",
					"/usr/lib/libstdc++.dylib",
					"-weak_library",
					"$(MonkeyDevPath)/Frameworks/libsubstrate.dylib",
				);
				PRODUCT_NAME = "$(TARGET_NAME)";
				SWIFT_OBJC_BRIDGING_HEADER = "TikTokDylib/Source/Settings/TikTokDylib-Bridging-Header.h";
				SWIFT_VERSION = 5.0;
				TARGETED_DEVICE_FAMILY = "1,2";
			};
			name = Release;
		};
		D07B52CA2706C871009ABD87 /* Debug */ = {
			isa = XCBuildConfiguration;
			buildSettings = {
				ALWAYS_EMBED_SWIFT_STANDARD_LIBRARIES = YES;
				CODE_SIGN_IDENTITY = "Apple Development";
				CODE_SIGN_STYLE = Automatic;
				CURRENT_PROJECT_VERSION = 1;
				DEVELOPMENT_TEAM = F4N226DG5U;
				ENABLE_BITCODE = NO;
				GENERATE_INFOPLIST_FILE = NO;
				INFOPLIST_FILE = TikTok/Info.plist;
				INFOPLIST_PREPROCESS = NO;
				IPHONEOS_DEPLOYMENT_TARGET = 9.0;
				MARKETING_VERSION = 1.0;
				MONKEYDEV_ADD_SUBSTRATE = YES;
				MONKEYDEV_CLASS_DUMP = YES;
				MONKEYDEV_DEFAULT_BUNDLEID = YES;
				MONKEYDEV_INSERT_DYLIB = YES;
				MONKEYDEV_RESTORE_SYMBOL = YES;
				MONKEYDEV_TARGET_APP = Optional;
				PODS_CONFIGURATION_BUILD_DIR = "$BUILD_DIR/$(CONFIGURATION)$(EFFECTIVE_PLATFORM_NAME)";
				PODS_ROOT = "${SRCROOT}/Pods";
				PRODUCT_BUNDLE_IDENTIFIER = com.objc.TikTok;
				PRODUCT_NAME = "$(TARGET_NAME)";
				SWIFT_EMIT_LOC_STRINGS = YES;
				TARGETED_DEVICE_FAMILY = "1,2";
			};
			name = Debug;
		};
		D07B52CB2706C871009ABD87 /* Release */ = {
			isa = XCBuildConfiguration;
			buildSettings = {
				ALWAYS_EMBED_SWIFT_STANDARD_LIBRARIES = YES;
				CODE_SIGN_IDENTITY = "Apple Development";
				CODE_SIGN_STYLE = Automatic;
				CURRENT_PROJECT_VERSION = 1;
				DEVELOPMENT_TEAM = F4N226DG5U;
				ENABLE_BITCODE = NO;
				GENERATE_INFOPLIST_FILE = NO;
				INFOPLIST_FILE = TikTok/Info.plist;
				INFOPLIST_PREPROCESS = NO;
				IPHONEOS_DEPLOYMENT_TARGET = 9.0;
				MARKETING_VERSION = 1.0;
				MONKEYDEV_ADD_SUBSTRATE = YES;
				MONKEYDEV_CLASS_DUMP = YES;
				MONKEYDEV_DEFAULT_BUNDLEID = YES;
				MONKEYDEV_INSERT_DYLIB = YES;
				MONKEYDEV_RESTORE_SYMBOL = YES;
				MONKEYDEV_TARGET_APP = Optional;
				PODS_CONFIGURATION_BUILD_DIR = "$BUILD_DIR/$(CONFIGURATION)$(EFFECTIVE_PLATFORM_NAME)";
				PODS_ROOT = "${SRCROOT}/Pods";
				PRODUCT_BUNDLE_IDENTIFIER = com.objc.TikTok;
				PRODUCT_NAME = "$(TARGET_NAME)";
				SWIFT_EMIT_LOC_STRINGS = YES;
				TARGETED_DEVICE_FAMILY = "1,2";
			};
			name = Release;
		};
/* End XCBuildConfiguration section */

/* Begin XCConfigurationList section */
		D07B52632706C870009ABD87 /* Build configuration list for PBXProject "TikTok" */ = {
			isa = XCConfigurationList;
			buildConfigurations = (
				D07B52C42706C871009ABD87 /* Debug */,
				D07B52C52706C871009ABD87 /* Release */,
			);
			defaultConfigurationIsVisible = 0;
			defaultConfigurationName = Release;
		};
		D07B52C62706C871009ABD87 /* Build configuration list for PBXNativeTarget "TikTokDylib" */ = {
			isa = XCConfigurationList;
			buildConfigurations = (
				D07B52C72706C871009ABD87 /* Debug */,
				D07B52C82706C871009ABD87 /* Release */,
			);
			defaultConfigurationIsVisible = 0;
			defaultConfigurationName = Release;
		};
		D07B52C92706C871009ABD87 /* Build configuration list for PBXNativeTarget "TikTok" */ = {
			isa = XCConfigurationList;
			buildConfigurations = (
				D07B52CA2706C871009ABD87 /* Debug */,
				D07B52CB2706C871009ABD87 /* Release */,
			);
			defaultConfigurationIsVisible = 0;
			defaultConfigurationName = Release;
		};
/* End XCConfigurationList section */
	};
	rootObject = D07B52602706C870009ABD87 /* Project object */;
}
